// !$*UTF8*$!
{
	archiveVersion = 1;
	classes = {
	};
	objectVersion = 46;
	objects = {

/* Begin PBXGroup section */
		4B2EAEEB1D323D9A006D9138 = {
			isa = PBXGroup;
			children = (
			);
			sourceTree = "<group>";
		};
/* End PBXGroup section */

/* Begin PBXProject section */
		4B2EAEEC1D323D9A006D9138 /* Project object */ = {
			isa = PBXProject;
			attributes = {
				LastUpgradeCheck = 0730;
			};
			buildConfigurationList = 4B2EAEEF1D323D9A006D9138 /* Build configuration list for PBXProject "SwiftRebound" */;
			compatibilityVersion = "Xcode 3.2";
			developmentRegion = English;
			hasScannedForEncodings = 0;
			knownRegions = (
				en,
			);
			mainGroup = 4B2EAEEB1D323D9A006D9138;
			projectDirPath = "";
			projectRoot = "";
			targets = (
			);
		};
/* End PBXProject section */

/* Begin XCBuildConfiguration section */
		4B2EAEF01D323D9A006D9138 /* Debug */ = {
			isa = XCBuildConfiguration;
			buildSettings = {
			};
			name = Debug;
		};
		4B2EAEF11D323D9A006D9138 /* Release */ = {
			isa = XCBuildConfiguration;
			buildSettings = {
			};
			name = Release;
		};
/* End XCBuildConfiguration section */

/* Begin XCConfigurationList section */
		4B2EAEEF1D323D9A006D9138 /* Build configuration list for PBXProject "SwiftRebound" */ = {
			isa = XCConfigurationList;
			buildConfigurations = (
				4B2EAEF01D323D9A006D9138 /* Debug */,
				4B2EAEF11D323D9A006D9138 /* Release */,
			);
			defaultConfigurationIsVisible = 0;
			defaultConfigurationName = Release;
		};
/* End XCConfigurationList section */
	};
	rootObject = 4B2EAEEC1D323D9A006D9138 /* Project object */;
}
