// !$*UTF8*$!
{
	archiveVersion = 1;
	classes = {
	};
	objectVersion = 46;
	objects = {

/* Begin PBXBuildFile section */
		4B1BA3471D3432AD000E4223 /* PebkacTests.swift in Sources */ = {isa = PBXBuildFile; fileRef = 4B1BA3461D3432AD000E4223 /* PebkacTests.swift */; };
		4B1DAC9E1D3586C1001B0DEF /* TriggerTests.swift in Sources */ = {isa = PBXBuildFile; fileRef = 4B1DAC9D1D3586C1001B0DEF /* TriggerTests.swift */; };
		4B1EBA221D34D0220013489E /* CombinedLifetime.swift in Sources */ = {isa = PBXBuildFile; fileRef = 4B1EBA211D34D0220013489E /* CombinedLifetime.swift */; };
		4B1EBA241D34D4170013489E /* CombinedChangeable.swift in Sources */ = {isa = PBXBuildFile; fileRef = 4B1EBA231D34D4170013489E /* CombinedChangeable.swift */; };
		4B1EBA261D34DB440013489E /* Trigger.swift in Sources */ = {isa = PBXBuildFile; fileRef = 4B1EBA251D34DB440013489E /* Trigger.swift */; };
		4B1EBA281D34DF490013489E /* WeakNotifiable.swift in Sources */ = {isa = PBXBuildFile; fileRef = 4B1EBA271D34DF490013489E /* WeakNotifiable.swift */; };
		4B1EBA2A1D34DF680013489E /* NotificationWrapper.swift in Sources */ = {isa = PBXBuildFile; fileRef = 4B1EBA291D34DF680013489E /* NotificationWrapper.swift */; };
		4B1F71111D36E08600B8014C /* ReactiveView.swift in Sources */ = {isa = PBXBuildFile; fileRef = 4B1F71101D36E08600B8014C /* ReactiveView.swift */; };
		4B2EAEFB1D323E28006D9138 /* SwiftRebound.h in Headers */ = {isa = PBXBuildFile; fileRef = 4B2EAEFA1D323E28006D9138 /* SwiftRebound.h */; settings = {ATTRIBUTES = (Public, ); }; };
		4B2EAF021D323E28006D9138 /* SwiftRebound.framework in Frameworks */ = {isa = PBXBuildFile; fileRef = 4B2EAEF71D323E28006D9138 /* SwiftRebound.framework */; };
		4B2EAF111D324773006D9138 /* Bound.swift in Sources */ = {isa = PBXBuildFile; fileRef = 4B2EAF101D324773006D9138 /* Bound.swift */; };
		4B2EAF131D325066006D9138 /* MutableBound.swift in Sources */ = {isa = PBXBuildFile; fileRef = 4B2EAF121D325066006D9138 /* MutableBound.swift */; };
		4B2EAF151D325410006D9138 /* Binding.swift in Sources */ = {isa = PBXBuildFile; fileRef = 4B2EAF141D325410006D9138 /* Binding.swift */; };
		4B2EAF171D325505006D9138 /* SimpleBindingTests.swift in Sources */ = {isa = PBXBuildFile; fileRef = 4B2EAF161D325505006D9138 /* SimpleBindingTests.swift */; };
		4B2EAF191D32574C006D9138 /* BoundValue.swift in Sources */ = {isa = PBXBuildFile; fileRef = 4B2EAF181D32574C006D9138 /* BoundValue.swift */; };
		4B2EAF1C1D325BAE006D9138 /* Lifetime.swift in Sources */ = {isa = PBXBuildFile; fileRef = 4B2EAF1B1D325BAE006D9138 /* Lifetime.swift */; };
		4B2EAF1E1D325E08006D9138 /* CallbackLifetime.swift in Sources */ = {isa = PBXBuildFile; fileRef = 4B2EAF1D1D325E08006D9138 /* CallbackLifetime.swift */; };
		4B2EAF201D325F24006D9138 /* LifetimeTests.swift in Sources */ = {isa = PBXBuildFile; fileRef = 4B2EAF1F1D325F24006D9138 /* LifetimeTests.swift */; };
		4B2EAF241D327417006D9138 /* BoundComputable.swift in Sources */ = {isa = PBXBuildFile; fileRef = 4B2EAF231D327417006D9138 /* BoundComputable.swift */; };
		4B2EAF261D32750A006D9138 /* ComputedBindingTests.swift in Sources */ = {isa = PBXBuildFile; fileRef = 4B2EAF251D32750A006D9138 /* ComputedBindingTests.swift */; };
		4B2EAF2A1D327A93006D9138 /* BindingContext.swift in Sources */ = {isa = PBXBuildFile; fileRef = 4B2EAF291D327A93006D9138 /* BindingContext.swift */; };
		4B2EAF2E1D32844D006D9138 /* BindingContextTests.swift in Sources */ = {isa = PBXBuildFile; fileRef = 4B2EAF2D1D32844D006D9138 /* BindingContextTests.swift */; };
		4B2EAF301D32B1EF006D9138 /* CallbackNotifiable.swift in Sources */ = {isa = PBXBuildFile; fileRef = 4B2EAF2F1D32B1EF006D9138 /* CallbackNotifiable.swift */; };
		4B4628B91D38DE4B00CDBB9E /* NSObjectTests.swift in Sources */ = {isa = PBXBuildFile; fileRef = 4B4628B81D38DE4B00CDBB9E /* NSObjectTests.swift */; };
		4B4628BC1D38E18A00CDBB9E /* ReboundObject.swift in Sources */ = {isa = PBXBuildFile; fileRef = 4B4628BB1D38E18A00CDBB9E /* ReboundObject.swift */; };
		4B4628BE1D38E2DA00CDBB9E /* KeyValueObserving.swift in Sources */ = {isa = PBXBuildFile; fileRef = 4B4628BD1D38E2DA00CDBB9E /* KeyValueObserving.swift */; };
		4B4628C01D38EB7100CDBB9E /* KvoTests.swift in Sources */ = {isa = PBXBuildFile; fileRef = 4B4628BF1D38EB7100CDBB9E /* KvoTests.swift */; };
		4B4A51941D3F690F005D031B /* DemoView.swift in Sources */ = {isa = PBXBuildFile; fileRef = 4BF862271D393857008B20F8 /* DemoView.swift */; };
		4B58CD481DCBE0C4006FC585 /* ReactiveLayer.swift in Sources */ = {isa = PBXBuildFile; fileRef = 4B58CD471DCBE0C4006FC585 /* ReactiveLayer.swift */; };
		4B58CD491DCBE0C9006FC585 /* ReactiveLayer.swift in Sources */ = {isa = PBXBuildFile; fileRef = 4B58CD471DCBE0C4006FC585 /* ReactiveLayer.swift */; };
		4B6061B51DCDF5760037537F /* AttachmentPoint.swift in Sources */ = {isa = PBXBuildFile; fileRef = 4B6061B41DCDF5760037537F /* AttachmentPoint.swift */; };
		4B6061B61DCDF6C40037537F /* AttachmentPoint.swift in Sources */ = {isa = PBXBuildFile; fileRef = 4B6061B41DCDF5760037537F /* AttachmentPoint.swift */; };
		4B6061B81DCDF8280037537F /* AttachmentPointTests.swift in Sources */ = {isa = PBXBuildFile; fileRef = 4B6061B71DCDF8280037537F /* AttachmentPointTests.swift */; };
		4B6061B91DCDF8280037537F /* AttachmentPointTests.swift in Sources */ = {isa = PBXBuildFile; fileRef = 4B6061B71DCDF8280037537F /* AttachmentPointTests.swift */; };
		4B6ECD7B1D4519A900050C9A /* ArrayBound.swift in Sources */ = {isa = PBXBuildFile; fileRef = 4B6ECD7A1D4519A900050C9A /* ArrayBound.swift */; };
		4B6ECD7C1D45209900050C9A /* ArrayBound.swift in Sources */ = {isa = PBXBuildFile; fileRef = 4B6ECD7A1D4519A900050C9A /* ArrayBound.swift */; };
		4B6ECD7E1D4520A400050C9A /* ArrayBindingTests.swift in Sources */ = {isa = PBXBuildFile; fileRef = 4B6ECD7D1D4520A400050C9A /* ArrayBindingTests.swift */; };
		4B7985BB1D3A31A80043A653 /* SwiftRebound-iOS.h in Headers */ = {isa = PBXBuildFile; fileRef = 4B7985BA1D3A31A80043A653 /* SwiftRebound-iOS.h */; settings = {ATTRIBUTES = (Public, ); }; };
		4B7985C01D3A31B50043A653 /* Binding.swift in Sources */ = {isa = PBXBuildFile; fileRef = 4B2EAF141D325410006D9138 /* Binding.swift */; };
		4B7985C11D3A31B50043A653 /* BindingContext.swift in Sources */ = {isa = PBXBuildFile; fileRef = 4B2EAF291D327A93006D9138 /* BindingContext.swift */; };
		4B7985C21D3A31B50043A653 /* NotificationWrapper.swift in Sources */ = {isa = PBXBuildFile; fileRef = 4B1EBA291D34DF680013489E /* NotificationWrapper.swift */; };
		4B7985C31D3A31B50043A653 /* Bound.swift in Sources */ = {isa = PBXBuildFile; fileRef = 4B2EAF101D324773006D9138 /* Bound.swift */; };
		4B7985C41D3A31B50043A653 /* MutableBound.swift in Sources */ = {isa = PBXBuildFile; fileRef = 4B2EAF121D325066006D9138 /* MutableBound.swift */; };
		4B7985C51D3A31B50043A653 /* BoundValue.swift in Sources */ = {isa = PBXBuildFile; fileRef = 4B2EAF181D32574C006D9138 /* BoundValue.swift */; };
		4B7985C61D3A31B50043A653 /* WeakNotifiable.swift in Sources */ = {isa = PBXBuildFile; fileRef = 4B1EBA271D34DF490013489E /* WeakNotifiable.swift */; };
		4B7985C71D3A31B50043A653 /* BoundComputable.swift in Sources */ = {isa = PBXBuildFile; fileRef = 4B2EAF231D327417006D9138 /* BoundComputable.swift */; };
		4B7985C81D3A31B50043A653 /* CallbackNotifiable.swift in Sources */ = {isa = PBXBuildFile; fileRef = 4B2EAF2F1D32B1EF006D9138 /* CallbackNotifiable.swift */; };
		4B7985C91D3A31B50043A653 /* CombinedChangeable.swift in Sources */ = {isa = PBXBuildFile; fileRef = 4B1EBA231D34D4170013489E /* CombinedChangeable.swift */; };
		4B7985CA1D3A31B50043A653 /* Trigger.swift in Sources */ = {isa = PBXBuildFile; fileRef = 4B1EBA251D34DB440013489E /* Trigger.swift */; };
		4B7985CB1D3A31BC0043A653 /* Lifetime.swift in Sources */ = {isa = PBXBuildFile; fileRef = 4B2EAF1B1D325BAE006D9138 /* Lifetime.swift */; };
		4B7985CC1D3A31BC0043A653 /* CallbackLifetime.swift in Sources */ = {isa = PBXBuildFile; fileRef = 4B2EAF1D1D325E08006D9138 /* CallbackLifetime.swift */; };
		4B7985CD1D3A31BC0043A653 /* CombinedLifetime.swift in Sources */ = {isa = PBXBuildFile; fileRef = 4B1EBA211D34D0220013489E /* CombinedLifetime.swift */; };
		4B7985D71D3A31D60043A653 /* SwiftRebound.framework in Frameworks */ = {isa = PBXBuildFile; fileRef = 4B7985B81D3A31A80043A653 /* SwiftRebound.framework */; };
		4B7985DD1D3A31E30043A653 /* SimpleBindingTests.swift in Sources */ = {isa = PBXBuildFile; fileRef = 4B2EAF161D325505006D9138 /* SimpleBindingTests.swift */; };
		4B7985DE1D3A31E30043A653 /* ComputedBindingTests.swift in Sources */ = {isa = PBXBuildFile; fileRef = 4B2EAF251D32750A006D9138 /* ComputedBindingTests.swift */; };
		4B7985DF1D3A31E30043A653 /* TriggerTests.swift in Sources */ = {isa = PBXBuildFile; fileRef = 4B1DAC9D1D3586C1001B0DEF /* TriggerTests.swift */; };
		4B7985E01D3A31E30043A653 /* LifetimeTests.swift in Sources */ = {isa = PBXBuildFile; fileRef = 4B2EAF1F1D325F24006D9138 /* LifetimeTests.swift */; };
		4B7985E11D3A31E30043A653 /* BindingContextTests.swift in Sources */ = {isa = PBXBuildFile; fileRef = 4B2EAF2D1D32844D006D9138 /* BindingContextTests.swift */; };
		4B7985E21D3A31E40043A653 /* PebkacTests.swift in Sources */ = {isa = PBXBuildFile; fileRef = 4B1BA3461D3432AD000E4223 /* PebkacTests.swift */; };
		4B7985E31D3A31E40043A653 /* NSObjectTests.swift in Sources */ = {isa = PBXBuildFile; fileRef = 4B4628B81D38DE4B00CDBB9E /* NSObjectTests.swift */; };
		4B7985E41D3A31E40043A653 /* KvoTests.swift in Sources */ = {isa = PBXBuildFile; fileRef = 4B4628BF1D38EB7100CDBB9E /* KvoTests.swift */; };
		4B7985E51D3A32D00043A653 /* ReboundObject.swift in Sources */ = {isa = PBXBuildFile; fileRef = 4B4628BB1D38E18A00CDBB9E /* ReboundObject.swift */; };
		4B7985E61D3A32D20043A653 /* KeyValueObserving.swift in Sources */ = {isa = PBXBuildFile; fileRef = 4B4628BD1D38E2DA00CDBB9E /* KeyValueObserving.swift */; };
		4BF8621C1D3937FB008B20F8 /* AppDelegate.swift in Sources */ = {isa = PBXBuildFile; fileRef = 4BF8621B1D3937FB008B20F8 /* AppDelegate.swift */; };
		4BF8621E1D3937FB008B20F8 /* Assets.xcassets in Resources */ = {isa = PBXBuildFile; fileRef = 4BF8621D1D3937FB008B20F8 /* Assets.xcassets */; };
		4BF862211D3937FB008B20F8 /* MainMenu.xib in Resources */ = {isa = PBXBuildFile; fileRef = 4BF8621F1D3937FB008B20F8 /* MainMenu.xib */; };
		4BF862261D393846008B20F8 /* SwiftRebound.framework in Frameworks */ = {isa = PBXBuildFile; fileRef = 4B2EAEF71D323E28006D9138 /* SwiftRebound.framework */; };
/* End PBXBuildFile section */

/* Begin PBXContainerItemProxy section */
		4B2EAF031D323E28006D9138 /* PBXContainerItemProxy */ = {
			isa = PBXContainerItemProxy;
			containerPortal = 4B2EAEEC1D323D9A006D9138 /* Project object */;
			proxyType = 1;
			remoteGlobalIDString = 4B2EAEF61D323E28006D9138;
			remoteInfo = SwiftRebound;
		};
		4B7985D81D3A31D60043A653 /* PBXContainerItemProxy */ = {
			isa = PBXContainerItemProxy;
			containerPortal = 4B2EAEEC1D323D9A006D9138 /* Project object */;
			proxyType = 1;
			remoteGlobalIDString = 4B7985B71D3A31A80043A653;
			remoteInfo = "SwiftRebound-iOS";
		};
/* End PBXContainerItemProxy section */

/* Begin PBXFileReference section */
		4B1BA3451D3430AC000E4223 /* README.md */ = {isa = PBXFileReference; lastKnownFileType = net.daringfireball.markdown; path = README.md; sourceTree = "<group>"; };
		4B1BA3461D3432AD000E4223 /* PebkacTests.swift */ = {isa = PBXFileReference; fileEncoding = 4; lastKnownFileType = sourcecode.swift; path = PebkacTests.swift; sourceTree = "<group>"; };
		4B1DAC9D1D3586C1001B0DEF /* TriggerTests.swift */ = {isa = PBXFileReference; fileEncoding = 4; lastKnownFileType = sourcecode.swift; path = TriggerTests.swift; sourceTree = "<group>"; };
		4B1EBA211D34D0220013489E /* CombinedLifetime.swift */ = {isa = PBXFileReference; fileEncoding = 4; lastKnownFileType = sourcecode.swift; path = CombinedLifetime.swift; sourceTree = "<group>"; };
		4B1EBA231D34D4170013489E /* CombinedChangeable.swift */ = {isa = PBXFileReference; fileEncoding = 4; lastKnownFileType = sourcecode.swift; path = CombinedChangeable.swift; sourceTree = "<group>"; };
		4B1EBA251D34DB440013489E /* Trigger.swift */ = {isa = PBXFileReference; fileEncoding = 4; lastKnownFileType = sourcecode.swift; path = Trigger.swift; sourceTree = "<group>"; };
		4B1EBA271D34DF490013489E /* WeakNotifiable.swift */ = {isa = PBXFileReference; fileEncoding = 4; lastKnownFileType = sourcecode.swift; path = WeakNotifiable.swift; sourceTree = "<group>"; };
		4B1EBA291D34DF680013489E /* NotificationWrapper.swift */ = {isa = PBXFileReference; fileEncoding = 4; lastKnownFileType = sourcecode.swift; path = NotificationWrapper.swift; sourceTree = "<group>"; };
		4B1F71101D36E08600B8014C /* ReactiveView.swift */ = {isa = PBXFileReference; fileEncoding = 4; lastKnownFileType = sourcecode.swift; path = ReactiveView.swift; sourceTree = "<group>"; };
		4B2EAEF71D323E28006D9138 /* SwiftRebound.framework */ = {isa = PBXFileReference; explicitFileType = wrapper.framework; includeInIndex = 0; path = SwiftRebound.framework; sourceTree = BUILT_PRODUCTS_DIR; };
		4B2EAEFA1D323E28006D9138 /* SwiftRebound.h */ = {isa = PBXFileReference; lastKnownFileType = sourcecode.c.h; path = SwiftRebound.h; sourceTree = "<group>"; };
		4B2EAEFC1D323E28006D9138 /* Info.plist */ = {isa = PBXFileReference; lastKnownFileType = text.plist.xml; path = Info.plist; sourceTree = "<group>"; };
		4B2EAF011D323E28006D9138 /* SwiftReboundTests.xctest */ = {isa = PBXFileReference; explicitFileType = wrapper.cfbundle; includeInIndex = 0; path = SwiftReboundTests.xctest; sourceTree = BUILT_PRODUCTS_DIR; };
		4B2EAF081D323E28006D9138 /* Info.plist */ = {isa = PBXFileReference; lastKnownFileType = text.plist.xml; path = Info.plist; sourceTree = "<group>"; };
		4B2EAF101D324773006D9138 /* Bound.swift */ = {isa = PBXFileReference; fileEncoding = 4; lastKnownFileType = sourcecode.swift; path = Bound.swift; sourceTree = "<group>"; };
		4B2EAF121D325066006D9138 /* MutableBound.swift */ = {isa = PBXFileReference; fileEncoding = 4; lastKnownFileType = sourcecode.swift; path = MutableBound.swift; sourceTree = "<group>"; };
		4B2EAF141D325410006D9138 /* Binding.swift */ = {isa = PBXFileReference; fileEncoding = 4; lastKnownFileType = sourcecode.swift; path = Binding.swift; sourceTree = "<group>"; };
		4B2EAF161D325505006D9138 /* SimpleBindingTests.swift */ = {isa = PBXFileReference; fileEncoding = 4; lastKnownFileType = sourcecode.swift; path = SimpleBindingTests.swift; sourceTree = "<group>"; };
		4B2EAF181D32574C006D9138 /* BoundValue.swift */ = {isa = PBXFileReference; fileEncoding = 4; lastKnownFileType = sourcecode.swift; path = BoundValue.swift; sourceTree = "<group>"; };
		4B2EAF1B1D325BAE006D9138 /* Lifetime.swift */ = {isa = PBXFileReference; fileEncoding = 4; lastKnownFileType = sourcecode.swift; path = Lifetime.swift; sourceTree = "<group>"; };
		4B2EAF1D1D325E08006D9138 /* CallbackLifetime.swift */ = {isa = PBXFileReference; fileEncoding = 4; lastKnownFileType = sourcecode.swift; path = CallbackLifetime.swift; sourceTree = "<group>"; };
		4B2EAF1F1D325F24006D9138 /* LifetimeTests.swift */ = {isa = PBXFileReference; fileEncoding = 4; lastKnownFileType = sourcecode.swift; path = LifetimeTests.swift; sourceTree = "<group>"; };
		4B2EAF231D327417006D9138 /* BoundComputable.swift */ = {isa = PBXFileReference; fileEncoding = 4; lastKnownFileType = sourcecode.swift; path = BoundComputable.swift; sourceTree = "<group>"; };
		4B2EAF251D32750A006D9138 /* ComputedBindingTests.swift */ = {isa = PBXFileReference; fileEncoding = 4; lastKnownFileType = sourcecode.swift; path = ComputedBindingTests.swift; sourceTree = "<group>"; };
		4B2EAF291D327A93006D9138 /* BindingContext.swift */ = {isa = PBXFileReference; fileEncoding = 4; lastKnownFileType = sourcecode.swift; path = BindingContext.swift; sourceTree = "<group>"; };
		4B2EAF2D1D32844D006D9138 /* BindingContextTests.swift */ = {isa = PBXFileReference; fileEncoding = 4; lastKnownFileType = sourcecode.swift; path = BindingContextTests.swift; sourceTree = "<group>"; };
		4B2EAF2F1D32B1EF006D9138 /* CallbackNotifiable.swift */ = {isa = PBXFileReference; fileEncoding = 4; lastKnownFileType = sourcecode.swift; path = CallbackNotifiable.swift; sourceTree = "<group>"; };
		4B4628B81D38DE4B00CDBB9E /* NSObjectTests.swift */ = {isa = PBXFileReference; fileEncoding = 4; lastKnownFileType = sourcecode.swift; path = NSObjectTests.swift; sourceTree = "<group>"; };
		4B4628BB1D38E18A00CDBB9E /* ReboundObject.swift */ = {isa = PBXFileReference; fileEncoding = 4; lastKnownFileType = sourcecode.swift; path = ReboundObject.swift; sourceTree = "<group>"; };
		4B4628BD1D38E2DA00CDBB9E /* KeyValueObserving.swift */ = {isa = PBXFileReference; fileEncoding = 4; lastKnownFileType = sourcecode.swift; path = KeyValueObserving.swift; sourceTree = "<group>"; };
		4B4628BF1D38EB7100CDBB9E /* KvoTests.swift */ = {isa = PBXFileReference; fileEncoding = 4; lastKnownFileType = sourcecode.swift; path = KvoTests.swift; sourceTree = "<group>"; };
		4B58CD471DCBE0C4006FC585 /* ReactiveLayer.swift */ = {isa = PBXFileReference; fileEncoding = 4; lastKnownFileType = sourcecode.swift; path = ReactiveLayer.swift; sourceTree = "<group>"; };
		4B6061B41DCDF5760037537F /* AttachmentPoint.swift */ = {isa = PBXFileReference; fileEncoding = 4; lastKnownFileType = sourcecode.swift; path = AttachmentPoint.swift; sourceTree = "<group>"; };
		4B6061B71DCDF8280037537F /* AttachmentPointTests.swift */ = {isa = PBXFileReference; fileEncoding = 4; lastKnownFileType = sourcecode.swift; path = AttachmentPointTests.swift; sourceTree = "<group>"; };
		4B6ECD7A1D4519A900050C9A /* ArrayBound.swift */ = {isa = PBXFileReference; fileEncoding = 4; lastKnownFileType = sourcecode.swift; path = ArrayBound.swift; sourceTree = "<group>"; };
		4B6ECD7D1D4520A400050C9A /* ArrayBindingTests.swift */ = {isa = PBXFileReference; fileEncoding = 4; lastKnownFileType = sourcecode.swift; path = ArrayBindingTests.swift; sourceTree = "<group>"; };
		4B7985B81D3A31A80043A653 /* SwiftRebound.framework */ = {isa = PBXFileReference; explicitFileType = wrapper.framework; includeInIndex = 0; path = SwiftRebound.framework; sourceTree = BUILT_PRODUCTS_DIR; };
		4B7985BA1D3A31A80043A653 /* SwiftRebound-iOS.h */ = {isa = PBXFileReference; lastKnownFileType = sourcecode.c.h; path = "SwiftRebound-iOS.h"; sourceTree = "<group>"; };
		4B7985BC1D3A31A80043A653 /* Info.plist */ = {isa = PBXFileReference; lastKnownFileType = text.plist.xml; path = Info.plist; sourceTree = "<group>"; };
		4B7985D21D3A31D60043A653 /* SwiftRebound-iOSTests.xctest */ = {isa = PBXFileReference; explicitFileType = wrapper.cfbundle; includeInIndex = 0; path = "SwiftRebound-iOSTests.xctest"; sourceTree = BUILT_PRODUCTS_DIR; };
		4B7985D61D3A31D60043A653 /* Info.plist */ = {isa = PBXFileReference; lastKnownFileType = text.plist.xml; path = Info.plist; sourceTree = "<group>"; };
		4BF862191D3937FB008B20F8 /* ReactiveView.app */ = {isa = PBXFileReference; explicitFileType = wrapper.application; includeInIndex = 0; path = ReactiveView.app; sourceTree = BUILT_PRODUCTS_DIR; };
		4BF8621B1D3937FB008B20F8 /* AppDelegate.swift */ = {isa = PBXFileReference; lastKnownFileType = sourcecode.swift; path = AppDelegate.swift; sourceTree = "<group>"; };
		4BF8621D1D3937FB008B20F8 /* Assets.xcassets */ = {isa = PBXFileReference; lastKnownFileType = folder.assetcatalog; path = Assets.xcassets; sourceTree = "<group>"; };
		4BF862201D3937FB008B20F8 /* Base */ = {isa = PBXFileReference; lastKnownFileType = file.xib; name = Base; path = Base.lproj/MainMenu.xib; sourceTree = "<group>"; };
		4BF862221D3937FB008B20F8 /* Info.plist */ = {isa = PBXFileReference; lastKnownFileType = text.plist.xml; path = Info.plist; sourceTree = "<group>"; };
		4BF862271D393857008B20F8 /* DemoView.swift */ = {isa = PBXFileReference; fileEncoding = 4; lastKnownFileType = sourcecode.swift; path = DemoView.swift; sourceTree = "<group>"; };
/* End PBXFileReference section */

/* Begin PBXFrameworksBuildPhase section */
		4B2EAEF31D323E28006D9138 /* Frameworks */ = {
			isa = PBXFrameworksBuildPhase;
			buildActionMask = 2147483647;
			files = (
			);
			runOnlyForDeploymentPostprocessing = 0;
		};
		4B2EAEFE1D323E28006D9138 /* Frameworks */ = {
			isa = PBXFrameworksBuildPhase;
			buildActionMask = 2147483647;
			files = (
				4B2EAF021D323E28006D9138 /* SwiftRebound.framework in Frameworks */,
			);
			runOnlyForDeploymentPostprocessing = 0;
		};
		4B7985B41D3A31A80043A653 /* Frameworks */ = {
			isa = PBXFrameworksBuildPhase;
			buildActionMask = 2147483647;
			files = (
			);
			runOnlyForDeploymentPostprocessing = 0;
		};
		4B7985CF1D3A31D60043A653 /* Frameworks */ = {
			isa = PBXFrameworksBuildPhase;
			buildActionMask = 2147483647;
			files = (
				4B7985D71D3A31D60043A653 /* SwiftRebound.framework in Frameworks */,
			);
			runOnlyForDeploymentPostprocessing = 0;
		};
		4BF862161D3937FB008B20F8 /* Frameworks */ = {
			isa = PBXFrameworksBuildPhase;
			buildActionMask = 2147483647;
			files = (
				4BF862261D393846008B20F8 /* SwiftRebound.framework in Frameworks */,
			);
			runOnlyForDeploymentPostprocessing = 0;
		};
/* End PBXFrameworksBuildPhase section */

/* Begin PBXGroup section */
		4B1F710F1D36E07900B8014C /* Cocoa */ = {
			isa = PBXGroup;
			children = (
				4B1F71101D36E08600B8014C /* ReactiveView.swift */,
			);
			path = Cocoa;
			sourceTree = "<group>";
		};
		4B2EAEEB1D323D9A006D9138 = {
			isa = PBXGroup;
			children = (
				4BF862291D393A4A008B20F8 /* Examples */,
				4B2EAEF91D323E28006D9138 /* SwiftRebound */,
				4B2EAF051D323E28006D9138 /* SwiftReboundTests */,
				4B1BA3451D3430AC000E4223 /* README.md */,
				4B7985B91D3A31A80043A653 /* SwiftRebound-iOS */,
				4B7985D31D3A31D60043A653 /* SwiftRebound-iOSTests */,
				4B2EAEF81D323E28006D9138 /* Products */,
			);
			sourceTree = "<group>";
		};
		4B2EAEF81D323E28006D9138 /* Products */ = {
			isa = PBXGroup;
			children = (
				4B2EAEF71D323E28006D9138 /* SwiftRebound.framework */,
				4B2EAF011D323E28006D9138 /* SwiftReboundTests.xctest */,
				4BF862191D3937FB008B20F8 /* ReactiveView.app */,
				4B7985B81D3A31A80043A653 /* SwiftRebound.framework */,
				4B7985D21D3A31D60043A653 /* SwiftRebound-iOSTests.xctest */,
			);
			name = Products;
			sourceTree = "<group>";
		};
		4B2EAEF91D323E28006D9138 /* SwiftRebound */ = {
			isa = PBXGroup;
			children = (
				4B2EAF0F1D3241CB006D9138 /* Binding */,
				4B2EAF1A1D325BA2006D9138 /* Lifetime */,
				4B58CD461DCBE098006FC585 /* UI */,
				4B1F710F1D36E07900B8014C /* Cocoa */,
				4B4628BA1D38E18A00CDBB9E /* Foundation */,
				4B2EAEFA1D323E28006D9138 /* SwiftRebound.h */,
				4B2EAEFC1D323E28006D9138 /* Info.plist */,
			);
			path = SwiftRebound;
			sourceTree = "<group>";
		};
		4B2EAF051D323E28006D9138 /* SwiftReboundTests */ = {
			isa = PBXGroup;
			children = (
				4B2EAF161D325505006D9138 /* SimpleBindingTests.swift */,
				4B6ECD7D1D4520A400050C9A /* ArrayBindingTests.swift */,
				4B6061B71DCDF8280037537F /* AttachmentPointTests.swift */,
				4B2EAF251D32750A006D9138 /* ComputedBindingTests.swift */,
				4B1DAC9D1D3586C1001B0DEF /* TriggerTests.swift */,
				4B2EAF1F1D325F24006D9138 /* LifetimeTests.swift */,
				4B2EAF2D1D32844D006D9138 /* BindingContextTests.swift */,
				4B1BA3461D3432AD000E4223 /* PebkacTests.swift */,
				4B4628B81D38DE4B00CDBB9E /* NSObjectTests.swift */,
				4B4628BF1D38EB7100CDBB9E /* KvoTests.swift */,
				4B2EAF081D323E28006D9138 /* Info.plist */,
			);
			path = SwiftReboundTests;
			sourceTree = "<group>";
		};
		4B2EAF0F1D3241CB006D9138 /* Binding */ = {
			isa = PBXGroup;
			children = (
				4B2EAF141D325410006D9138 /* Binding.swift */,
				4B2EAF291D327A93006D9138 /* BindingContext.swift */,
				4B1EBA291D34DF680013489E /* NotificationWrapper.swift */,
				4B2EAF101D324773006D9138 /* Bound.swift */,
				4B2EAF121D325066006D9138 /* MutableBound.swift */,
				4B6061B41DCDF5760037537F /* AttachmentPoint.swift */,
				4B6ECD7A1D4519A900050C9A /* ArrayBound.swift */,
				4B2EAF181D32574C006D9138 /* BoundValue.swift */,
				4B1EBA271D34DF490013489E /* WeakNotifiable.swift */,
				4B2EAF231D327417006D9138 /* BoundComputable.swift */,
				4B2EAF2F1D32B1EF006D9138 /* CallbackNotifiable.swift */,
				4B1EBA231D34D4170013489E /* CombinedChangeable.swift */,
				4B1EBA251D34DB440013489E /* Trigger.swift */,
			);
			path = Binding;
			sourceTree = "<group>";
		};
		4B2EAF1A1D325BA2006D9138 /* Lifetime */ = {
			isa = PBXGroup;
			children = (
				4B2EAF1B1D325BAE006D9138 /* Lifetime.swift */,
				4B2EAF1D1D325E08006D9138 /* CallbackLifetime.swift */,
				4B1EBA211D34D0220013489E /* CombinedLifetime.swift */,
			);
			name = Lifetime;
			path = SwiftRebound/Lifetime;
			sourceTree = SOURCE_ROOT;
		};
		4B4628BA1D38E18A00CDBB9E /* Foundation */ = {
			isa = PBXGroup;
			children = (
				4B4628BB1D38E18A00CDBB9E /* ReboundObject.swift */,
				4B4628BD1D38E2DA00CDBB9E /* KeyValueObserving.swift */,
			);
			path = Foundation;
			sourceTree = "<group>";
		};
		4B58CD461DCBE098006FC585 /* UI */ = {
			isa = PBXGroup;
			children = (
				4B58CD471DCBE0C4006FC585 /* ReactiveLayer.swift */,
			);
			path = UI;
			sourceTree = "<group>";
		};
		4B7985B91D3A31A80043A653 /* SwiftRebound-iOS */ = {
			isa = PBXGroup;
			children = (
				4B7985BA1D3A31A80043A653 /* SwiftRebound-iOS.h */,
				4B7985BC1D3A31A80043A653 /* Info.plist */,
			);
			path = "SwiftRebound-iOS";
			sourceTree = "<group>";
		};
		4B7985D31D3A31D60043A653 /* SwiftRebound-iOSTests */ = {
			isa = PBXGroup;
			children = (
				4B7985D61D3A31D60043A653 /* Info.plist */,
			);
			path = "SwiftRebound-iOSTests";
			sourceTree = "<group>";
		};
		4BF8621A1D3937FB008B20F8 /* ReactiveView */ = {
			isa = PBXGroup;
			children = (
				4BF862271D393857008B20F8 /* DemoView.swift */,
				4BF8621B1D3937FB008B20F8 /* AppDelegate.swift */,
				4BF8621D1D3937FB008B20F8 /* Assets.xcassets */,
				4BF8621F1D3937FB008B20F8 /* MainMenu.xib */,
				4BF862221D3937FB008B20F8 /* Info.plist */,
			);
			name = ReactiveView;
			path = Examples/ReactiveView;
			sourceTree = "<group>";
		};
		4BF862291D393A4A008B20F8 /* Examples */ = {
			isa = PBXGroup;
			children = (
				4BF8621A1D3937FB008B20F8 /* ReactiveView */,
			);
			name = Examples;
			sourceTree = "<group>";
		};
/* End PBXGroup section */

/* Begin PBXHeadersBuildPhase section */
		4B2EAEF41D323E28006D9138 /* Headers */ = {
			isa = PBXHeadersBuildPhase;
			buildActionMask = 2147483647;
			files = (
				4B2EAEFB1D323E28006D9138 /* SwiftRebound.h in Headers */,
			);
			runOnlyForDeploymentPostprocessing = 0;
		};
		4B7985B51D3A31A80043A653 /* Headers */ = {
			isa = PBXHeadersBuildPhase;
			buildActionMask = 2147483647;
			files = (
				4B7985BB1D3A31A80043A653 /* SwiftRebound-iOS.h in Headers */,
			);
			runOnlyForDeploymentPostprocessing = 0;
		};
/* End PBXHeadersBuildPhase section */

/* Begin PBXNativeTarget section */
		4B2EAEF61D323E28006D9138 /* SwiftRebound */ = {
			isa = PBXNativeTarget;
			buildConfigurationList = 4B2EAF091D323E28006D9138 /* Build configuration list for PBXNativeTarget "SwiftRebound" */;
			buildPhases = (
				4B2EAEF21D323E28006D9138 /* Sources */,
				4B2EAEF31D323E28006D9138 /* Frameworks */,
				4B2EAEF41D323E28006D9138 /* Headers */,
				4B2EAEF51D323E28006D9138 /* Resources */,
			);
			buildRules = (
			);
			dependencies = (
			);
			name = SwiftRebound;
			productName = SwiftRebound;
			productReference = 4B2EAEF71D323E28006D9138 /* SwiftRebound.framework */;
			productType = "com.apple.product-type.framework";
		};
		4B2EAF001D323E28006D9138 /* SwiftReboundTests */ = {
			isa = PBXNativeTarget;
			buildConfigurationList = 4B2EAF0C1D323E28006D9138 /* Build configuration list for PBXNativeTarget "SwiftReboundTests" */;
			buildPhases = (
				4B2EAEFD1D323E28006D9138 /* Sources */,
				4B2EAEFE1D323E28006D9138 /* Frameworks */,
				4B2EAEFF1D323E28006D9138 /* Resources */,
			);
			buildRules = (
			);
			dependencies = (
				4B2EAF041D323E28006D9138 /* PBXTargetDependency */,
			);
			name = SwiftReboundTests;
			productName = SwiftReboundTests;
			productReference = 4B2EAF011D323E28006D9138 /* SwiftReboundTests.xctest */;
			productType = "com.apple.product-type.bundle.unit-test";
		};
		4B7985B71D3A31A80043A653 /* SwiftRebound-iOS */ = {
			isa = PBXNativeTarget;
			buildConfigurationList = 4B7985BF1D3A31A80043A653 /* Build configuration list for PBXNativeTarget "SwiftRebound-iOS" */;
			buildPhases = (
				4B7985B31D3A31A80043A653 /* Sources */,
				4B7985B41D3A31A80043A653 /* Frameworks */,
				4B7985B51D3A31A80043A653 /* Headers */,
				4B7985B61D3A31A80043A653 /* Resources */,
			);
			buildRules = (
			);
			dependencies = (
			);
			name = "SwiftRebound-iOS";
			productName = "SwiftRebound-iOS";
			productReference = 4B7985B81D3A31A80043A653 /* SwiftRebound.framework */;
			productType = "com.apple.product-type.framework";
		};
		4B7985D11D3A31D60043A653 /* SwiftRebound-iOSTests */ = {
			isa = PBXNativeTarget;
			buildConfigurationList = 4B7985DA1D3A31D60043A653 /* Build configuration list for PBXNativeTarget "SwiftRebound-iOSTests" */;
			buildPhases = (
				4B7985CE1D3A31D60043A653 /* Sources */,
				4B7985CF1D3A31D60043A653 /* Frameworks */,
				4B7985D01D3A31D60043A653 /* Resources */,
			);
			buildRules = (
			);
			dependencies = (
				4B7985D91D3A31D60043A653 /* PBXTargetDependency */,
			);
			name = "SwiftRebound-iOSTests";
			productName = "SwiftRebound-iOSTests";
			productReference = 4B7985D21D3A31D60043A653 /* SwiftRebound-iOSTests.xctest */;
			productType = "com.apple.product-type.bundle.unit-test";
		};
		4BF862181D3937FB008B20F8 /* ReactiveView */ = {
			isa = PBXNativeTarget;
			buildConfigurationList = 4BF862251D3937FB008B20F8 /* Build configuration list for PBXNativeTarget "ReactiveView" */;
			buildPhases = (
				4BF862151D3937FB008B20F8 /* Sources */,
				4BF862161D3937FB008B20F8 /* Frameworks */,
				4BF862171D3937FB008B20F8 /* Resources */,
			);
			buildRules = (
			);
			dependencies = (
			);
			name = ReactiveView;
			productName = ReactiveView;
			productReference = 4BF862191D3937FB008B20F8 /* ReactiveView.app */;
			productType = "com.apple.product-type.application";
		};
/* End PBXNativeTarget section */

/* Begin PBXProject section */
		4B2EAEEC1D323D9A006D9138 /* Project object */ = {
			isa = PBXProject;
			attributes = {
				LastSwiftUpdateCheck = 0730;
				LastUpgradeCheck = 0800;
				TargetAttributes = {
					4B2EAEF61D323E28006D9138 = {
						CreatedOnToolsVersion = 7.3.1;
						LastSwiftMigration = 0800;
					};
					4B2EAF001D323E28006D9138 = {
						CreatedOnToolsVersion = 7.3.1;
						LastSwiftMigration = 0800;
					};
					4B7985B71D3A31A80043A653 = {
						CreatedOnToolsVersion = 7.3.1;
					};
					4B7985D11D3A31D60043A653 = {
						CreatedOnToolsVersion = 7.3.1;
					};
					4BF862181D3937FB008B20F8 = {
						CreatedOnToolsVersion = 7.3.1;
					};
				};
			};
			buildConfigurationList = 4B2EAEEF1D323D9A006D9138 /* Build configuration list for PBXProject "SwiftRebound" */;
			compatibilityVersion = "Xcode 3.2";
			developmentRegion = English;
			hasScannedForEncodings = 0;
			knownRegions = (
				en,
				Base,
			);
			mainGroup = 4B2EAEEB1D323D9A006D9138;
			productRefGroup = 4B2EAEF81D323E28006D9138 /* Products */;
			projectDirPath = "";
			projectRoot = "";
			targets = (
				4B2EAEF61D323E28006D9138 /* SwiftRebound */,
				4B2EAF001D323E28006D9138 /* SwiftReboundTests */,
				4BF862181D3937FB008B20F8 /* ReactiveView */,
				4B7985B71D3A31A80043A653 /* SwiftRebound-iOS */,
				4B7985D11D3A31D60043A653 /* SwiftRebound-iOSTests */,
			);
		};
/* End PBXProject section */

/* Begin PBXResourcesBuildPhase section */
		4B2EAEF51D323E28006D9138 /* Resources */ = {
			isa = PBXResourcesBuildPhase;
			buildActionMask = 2147483647;
			files = (
			);
			runOnlyForDeploymentPostprocessing = 0;
		};
		4B2EAEFF1D323E28006D9138 /* Resources */ = {
			isa = PBXResourcesBuildPhase;
			buildActionMask = 2147483647;
			files = (
			);
			runOnlyForDeploymentPostprocessing = 0;
		};
		4B7985B61D3A31A80043A653 /* Resources */ = {
			isa = PBXResourcesBuildPhase;
			buildActionMask = 2147483647;
			files = (
			);
			runOnlyForDeploymentPostprocessing = 0;
		};
		4B7985D01D3A31D60043A653 /* Resources */ = {
			isa = PBXResourcesBuildPhase;
			buildActionMask = 2147483647;
			files = (
			);
			runOnlyForDeploymentPostprocessing = 0;
		};
		4BF862171D3937FB008B20F8 /* Resources */ = {
			isa = PBXResourcesBuildPhase;
			buildActionMask = 2147483647;
			files = (
				4BF8621E1D3937FB008B20F8 /* Assets.xcassets in Resources */,
				4BF862211D3937FB008B20F8 /* MainMenu.xib in Resources */,
			);
			runOnlyForDeploymentPostprocessing = 0;
		};
/* End PBXResourcesBuildPhase section */

/* Begin PBXSourcesBuildPhase section */
		4B2EAEF21D323E28006D9138 /* Sources */ = {
			isa = PBXSourcesBuildPhase;
			buildActionMask = 2147483647;
			files = (
				4B2EAF301D32B1EF006D9138 /* CallbackNotifiable.swift in Sources */,
				4B4628BC1D38E18A00CDBB9E /* ReboundObject.swift in Sources */,
				4B2EAF1C1D325BAE006D9138 /* Lifetime.swift in Sources */,
				4B2EAF241D327417006D9138 /* BoundComputable.swift in Sources */,
				4B2EAF191D32574C006D9138 /* BoundValue.swift in Sources */,
				4B1EBA261D34DB440013489E /* Trigger.swift in Sources */,
				4B1F71111D36E08600B8014C /* ReactiveView.swift in Sources */,
				4B2EAF111D324773006D9138 /* Bound.swift in Sources */,
				4B6061B51DCDF5760037537F /* AttachmentPoint.swift in Sources */,
				4B1EBA2A1D34DF680013489E /* NotificationWrapper.swift in Sources */,
				4B4628BE1D38E2DA00CDBB9E /* KeyValueObserving.swift in Sources */,
				4B6ECD7B1D4519A900050C9A /* ArrayBound.swift in Sources */,
				4B2EAF151D325410006D9138 /* Binding.swift in Sources */,
				4B1EBA241D34D4170013489E /* CombinedChangeable.swift in Sources */,
				4B2EAF131D325066006D9138 /* MutableBound.swift in Sources */,
				4B58CD481DCBE0C4006FC585 /* ReactiveLayer.swift in Sources */,
				4B2EAF1E1D325E08006D9138 /* CallbackLifetime.swift in Sources */,
				4B1EBA281D34DF490013489E /* WeakNotifiable.swift in Sources */,
				4B1EBA221D34D0220013489E /* CombinedLifetime.swift in Sources */,
				4B2EAF2A1D327A93006D9138 /* BindingContext.swift in Sources */,
			);
			runOnlyForDeploymentPostprocessing = 0;
		};
		4B2EAEFD1D323E28006D9138 /* Sources */ = {
			isa = PBXSourcesBuildPhase;
			buildActionMask = 2147483647;
			files = (
				4B4628B91D38DE4B00CDBB9E /* NSObjectTests.swift in Sources */,
				4B6061B81DCDF8280037537F /* AttachmentPointTests.swift in Sources */,
				4B1DAC9E1D3586C1001B0DEF /* TriggerTests.swift in Sources */,
				4B2EAF2E1D32844D006D9138 /* BindingContextTests.swift in Sources */,
				4B2EAF261D32750A006D9138 /* ComputedBindingTests.swift in Sources */,
				4B4628C01D38EB7100CDBB9E /* KvoTests.swift in Sources */,
				4B2EAF201D325F24006D9138 /* LifetimeTests.swift in Sources */,
				4B6ECD7E1D4520A400050C9A /* ArrayBindingTests.swift in Sources */,
				4B2EAF171D325505006D9138 /* SimpleBindingTests.swift in Sources */,
				4B1BA3471D3432AD000E4223 /* PebkacTests.swift in Sources */,
			);
			runOnlyForDeploymentPostprocessing = 0;
		};
		4B7985B31D3A31A80043A653 /* Sources */ = {
			isa = PBXSourcesBuildPhase;
			buildActionMask = 2147483647;
			files = (
				4B7985C81D3A31B50043A653 /* CallbackNotifiable.swift in Sources */,
				4B7985C51D3A31B50043A653 /* BoundValue.swift in Sources */,
				4B7985E51D3A32D00043A653 /* ReboundObject.swift in Sources */,
				4B6061B61DCDF6C40037537F /* AttachmentPoint.swift in Sources */,
				4B7985C01D3A31B50043A653 /* Binding.swift in Sources */,
				4B7985CD1D3A31BC0043A653 /* CombinedLifetime.swift in Sources */,
				4B7985C61D3A31B50043A653 /* WeakNotifiable.swift in Sources */,
				4B7985CB1D3A31BC0043A653 /* Lifetime.swift in Sources */,
				4B6ECD7C1D45209900050C9A /* ArrayBound.swift in Sources */,
				4B58CD491DCBE0C9006FC585 /* ReactiveLayer.swift in Sources */,
				4B7985E61D3A32D20043A653 /* KeyValueObserving.swift in Sources */,
				4B7985C91D3A31B50043A653 /* CombinedChangeable.swift in Sources */,
				4B7985C41D3A31B50043A653 /* MutableBound.swift in Sources */,
				4B7985CA1D3A31B50043A653 /* Trigger.swift in Sources */,
				4B7985C71D3A31B50043A653 /* BoundComputable.swift in Sources */,
				4B7985CC1D3A31BC0043A653 /* CallbackLifetime.swift in Sources */,
				4B7985C21D3A31B50043A653 /* NotificationWrapper.swift in Sources */,
				4B7985C31D3A31B50043A653 /* Bound.swift in Sources */,
				4B7985C11D3A31B50043A653 /* BindingContext.swift in Sources */,
			);
			runOnlyForDeploymentPostprocessing = 0;
		};
		4B7985CE1D3A31D60043A653 /* Sources */ = {
			isa = PBXSourcesBuildPhase;
			buildActionMask = 2147483647;
			files = (
				4B7985E31D3A31E40043A653 /* NSObjectTests.swift in Sources */,
				4B6061B91DCDF8280037537F /* AttachmentPointTests.swift in Sources */,
				4B7985E11D3A31E30043A653 /* BindingContextTests.swift in Sources */,
				4B7985E01D3A31E30043A653 /* LifetimeTests.swift in Sources */,
				4B7985DF1D3A31E30043A653 /* TriggerTests.swift in Sources */,
				4B7985E41D3A31E40043A653 /* KvoTests.swift in Sources */,
				4B7985DE1D3A31E30043A653 /* ComputedBindingTests.swift in Sources */,
				4B7985DD1D3A31E30043A653 /* SimpleBindingTests.swift in Sources */,
				4B7985E21D3A31E40043A653 /* PebkacTests.swift in Sources */,
			);
			runOnlyForDeploymentPostprocessing = 0;
		};
		4BF862151D3937FB008B20F8 /* Sources */ = {
			isa = PBXSourcesBuildPhase;
			buildActionMask = 2147483647;
			files = (
				4BF8621C1D3937FB008B20F8 /* AppDelegate.swift in Sources */,
				4B4A51941D3F690F005D031B /* DemoView.swift in Sources */,
			);
			runOnlyForDeploymentPostprocessing = 0;
		};
/* End PBXSourcesBuildPhase section */

/* Begin PBXTargetDependency section */
		4B2EAF041D323E28006D9138 /* PBXTargetDependency */ = {
			isa = PBXTargetDependency;
			target = 4B2EAEF61D323E28006D9138 /* SwiftRebound */;
			targetProxy = 4B2EAF031D323E28006D9138 /* PBXContainerItemProxy */;
		};
		4B7985D91D3A31D60043A653 /* PBXTargetDependency */ = {
			isa = PBXTargetDependency;
			target = 4B7985B71D3A31A80043A653 /* SwiftRebound-iOS */;
			targetProxy = 4B7985D81D3A31D60043A653 /* PBXContainerItemProxy */;
		};
/* End PBXTargetDependency section */

/* Begin PBXVariantGroup section */
		4BF8621F1D3937FB008B20F8 /* MainMenu.xib */ = {
			isa = PBXVariantGroup;
			children = (
				4BF862201D3937FB008B20F8 /* Base */,
			);
			name = MainMenu.xib;
			sourceTree = "<group>";
		};
/* End PBXVariantGroup section */

/* Begin XCBuildConfiguration section */
		4B2EAEF01D323D9A006D9138 /* Debug */ = {
			isa = XCBuildConfiguration;
			buildSettings = {
				CLANG_WARN_BOOL_CONVERSION = YES;
				CLANG_WARN_CONSTANT_CONVERSION = YES;
				CLANG_WARN_EMPTY_BODY = YES;
				CLANG_WARN_ENUM_CONVERSION = YES;
				CLANG_WARN_INFINITE_RECURSION = YES;
				CLANG_WARN_INT_CONVERSION = YES;
				CLANG_WARN_SUSPICIOUS_MOVE = YES;
				CLANG_WARN_UNREACHABLE_CODE = YES;
				CLANG_WARN__DUPLICATE_METHOD_MATCH = YES;
				ENABLE_STRICT_OBJC_MSGSEND = YES;
				ENABLE_TESTABILITY = YES;
				GCC_NO_COMMON_BLOCKS = YES;
				GCC_WARN_64_TO_32_BIT_CONVERSION = YES;
				GCC_WARN_ABOUT_RETURN_TYPE = YES;
				GCC_WARN_UNDECLARED_SELECTOR = YES;
				GCC_WARN_UNINITIALIZED_AUTOS = YES;
				GCC_WARN_UNUSED_FUNCTION = YES;
				GCC_WARN_UNUSED_VARIABLE = YES;
				ONLY_ACTIVE_ARCH = YES;
				SWIFT_VERSION = 3.0;
			};
			name = Debug;
		};
		4B2EAEF11D323D9A006D9138 /* Release */ = {
			isa = XCBuildConfiguration;
			buildSettings = {
				CLANG_WARN_BOOL_CONVERSION = YES;
				CLANG_WARN_CONSTANT_CONVERSION = YES;
				CLANG_WARN_EMPTY_BODY = YES;
				CLANG_WARN_ENUM_CONVERSION = YES;
				CLANG_WARN_INFINITE_RECURSION = YES;
				CLANG_WARN_INT_CONVERSION = YES;
				CLANG_WARN_SUSPICIOUS_MOVE = YES;
				CLANG_WARN_UNREACHABLE_CODE = YES;
				CLANG_WARN__DUPLICATE_METHOD_MATCH = YES;
				ENABLE_STRICT_OBJC_MSGSEND = YES;
				ENABLE_TESTABILITY = YES;
				GCC_NO_COMMON_BLOCKS = YES;
				GCC_WARN_64_TO_32_BIT_CONVERSION = YES;
				GCC_WARN_ABOUT_RETURN_TYPE = YES;
				GCC_WARN_UNDECLARED_SELECTOR = YES;
				GCC_WARN_UNINITIALIZED_AUTOS = YES;
				GCC_WARN_UNUSED_FUNCTION = YES;
				GCC_WARN_UNUSED_VARIABLE = YES;
				SWIFT_OPTIMIZATION_LEVEL = "-Owholemodule";
				SWIFT_VERSION = 3.0;
			};
			name = Release;
		};
		4B2EAF0A1D323E28006D9138 /* Debug */ = {
			isa = XCBuildConfiguration;
			buildSettings = {
				ALWAYS_SEARCH_USER_PATHS = NO;
				CLANG_ANALYZER_NONNULL = YES;
				CLANG_CXX_LANGUAGE_STANDARD = "gnu++0x";
				CLANG_CXX_LIBRARY = "libc++";
				CLANG_ENABLE_MODULES = YES;
				CLANG_ENABLE_OBJC_ARC = YES;
				CLANG_WARN_BOOL_CONVERSION = YES;
				CLANG_WARN_CONSTANT_CONVERSION = YES;
				CLANG_WARN_DIRECT_OBJC_ISA_USAGE = YES_ERROR;
				CLANG_WARN_EMPTY_BODY = YES;
				CLANG_WARN_ENUM_CONVERSION = YES;
				CLANG_WARN_INT_CONVERSION = YES;
				CLANG_WARN_OBJC_ROOT_CLASS = YES_ERROR;
				CLANG_WARN_UNREACHABLE_CODE = YES;
				CLANG_WARN__DUPLICATE_METHOD_MATCH = YES;
				CODE_SIGN_IDENTITY = "";
				COMBINE_HIDPI_IMAGES = YES;
				COPY_PHASE_STRIP = NO;
				CURRENT_PROJECT_VERSION = 1;
				DEBUG_INFORMATION_FORMAT = dwarf;
				DEFINES_MODULE = YES;
				DYLIB_COMPATIBILITY_VERSION = 1;
				DYLIB_CURRENT_VERSION = 1;
				DYLIB_INSTALL_NAME_BASE = "@rpath";
				ENABLE_STRICT_OBJC_MSGSEND = YES;
				ENABLE_TESTABILITY = YES;
				FRAMEWORK_VERSION = A;
				GCC_C_LANGUAGE_STANDARD = gnu99;
				GCC_DYNAMIC_NO_PIC = NO;
				GCC_NO_COMMON_BLOCKS = YES;
				GCC_OPTIMIZATION_LEVEL = 0;
				GCC_PREPROCESSOR_DEFINITIONS = (
					"DEBUG=1",
					"$(inherited)",
				);
				GCC_WARN_64_TO_32_BIT_CONVERSION = YES;
				GCC_WARN_ABOUT_RETURN_TYPE = YES_ERROR;
				GCC_WARN_UNDECLARED_SELECTOR = YES;
				GCC_WARN_UNINITIALIZED_AUTOS = YES_AGGRESSIVE;
				GCC_WARN_UNUSED_FUNCTION = YES;
				GCC_WARN_UNUSED_VARIABLE = YES;
				INFOPLIST_FILE = SwiftRebound/Info.plist;
				INSTALL_PATH = "$(LOCAL_LIBRARY_DIR)/Frameworks";
				LD_RUNPATH_SEARCH_PATHS = "$(inherited) @executable_path/../Frameworks @loader_path/Frameworks";
				MACOSX_DEPLOYMENT_TARGET = 10.11;
				MTL_ENABLE_DEBUG_INFO = YES;
				ONLY_ACTIVE_ARCH = YES;
				PRODUCT_BUNDLE_IDENTIFIER = io.logicalshift.SwiftRebound;
				PRODUCT_NAME = "$(TARGET_NAME)";
				SDKROOT = macosx;
				SKIP_INSTALL = YES;
				SWIFT_OPTIMIZATION_LEVEL = "-Onone";
				SWIFT_VERSION = 3.0;
				VERSIONING_SYSTEM = "apple-generic";
				VERSION_INFO_PREFIX = "";
			};
			name = Debug;
		};
		4B2EAF0B1D323E28006D9138 /* Release */ = {
			isa = XCBuildConfiguration;
			buildSettings = {
				ALWAYS_SEARCH_USER_PATHS = NO;
				CLANG_ANALYZER_NONNULL = YES;
				CLANG_CXX_LANGUAGE_STANDARD = "gnu++0x";
				CLANG_CXX_LIBRARY = "libc++";
				CLANG_ENABLE_MODULES = YES;
				CLANG_ENABLE_OBJC_ARC = YES;
				CLANG_WARN_BOOL_CONVERSION = YES;
				CLANG_WARN_CONSTANT_CONVERSION = YES;
				CLANG_WARN_DIRECT_OBJC_ISA_USAGE = YES_ERROR;
				CLANG_WARN_EMPTY_BODY = YES;
				CLANG_WARN_ENUM_CONVERSION = YES;
				CLANG_WARN_INT_CONVERSION = YES;
				CLANG_WARN_OBJC_ROOT_CLASS = YES_ERROR;
				CLANG_WARN_UNREACHABLE_CODE = YES;
				CLANG_WARN__DUPLICATE_METHOD_MATCH = YES;
				CODE_SIGN_IDENTITY = "";
				COMBINE_HIDPI_IMAGES = YES;
				COPY_PHASE_STRIP = NO;
				CURRENT_PROJECT_VERSION = 1;
				DEBUG_INFORMATION_FORMAT = "dwarf-with-dsym";
				DEFINES_MODULE = YES;
				DYLIB_COMPATIBILITY_VERSION = 1;
				DYLIB_CURRENT_VERSION = 1;
				DYLIB_INSTALL_NAME_BASE = "@rpath";
				ENABLE_NS_ASSERTIONS = NO;
				ENABLE_STRICT_OBJC_MSGSEND = YES;
				FRAMEWORK_VERSION = A;
				GCC_C_LANGUAGE_STANDARD = gnu99;
				GCC_NO_COMMON_BLOCKS = YES;
				GCC_WARN_64_TO_32_BIT_CONVERSION = YES;
				GCC_WARN_ABOUT_RETURN_TYPE = YES_ERROR;
				GCC_WARN_UNDECLARED_SELECTOR = YES;
				GCC_WARN_UNINITIALIZED_AUTOS = YES_AGGRESSIVE;
				GCC_WARN_UNUSED_FUNCTION = YES;
				GCC_WARN_UNUSED_VARIABLE = YES;
				INFOPLIST_FILE = SwiftRebound/Info.plist;
				INSTALL_PATH = "$(LOCAL_LIBRARY_DIR)/Frameworks";
				LD_RUNPATH_SEARCH_PATHS = "$(inherited) @executable_path/../Frameworks @loader_path/Frameworks";
				MACOSX_DEPLOYMENT_TARGET = 10.11;
				MTL_ENABLE_DEBUG_INFO = NO;
				PRODUCT_BUNDLE_IDENTIFIER = io.logicalshift.SwiftRebound;
				PRODUCT_NAME = "$(TARGET_NAME)";
				SDKROOT = macosx;
				SKIP_INSTALL = YES;
				SWIFT_VERSION = 3.0;
				VERSIONING_SYSTEM = "apple-generic";
				VERSION_INFO_PREFIX = "";
			};
			name = Release;
		};
		4B2EAF0D1D323E28006D9138 /* Debug */ = {
			isa = XCBuildConfiguration;
			buildSettings = {
				ALWAYS_SEARCH_USER_PATHS = NO;
				CLANG_ANALYZER_NONNULL = YES;
				CLANG_CXX_LANGUAGE_STANDARD = "gnu++0x";
				CLANG_CXX_LIBRARY = "libc++";
				CLANG_ENABLE_MODULES = YES;
				CLANG_ENABLE_OBJC_ARC = YES;
				CLANG_WARN_BOOL_CONVERSION = YES;
				CLANG_WARN_CONSTANT_CONVERSION = YES;
				CLANG_WARN_DIRECT_OBJC_ISA_USAGE = YES_ERROR;
				CLANG_WARN_EMPTY_BODY = YES;
				CLANG_WARN_ENUM_CONVERSION = YES;
				CLANG_WARN_INT_CONVERSION = YES;
				CLANG_WARN_OBJC_ROOT_CLASS = YES_ERROR;
				CLANG_WARN_UNREACHABLE_CODE = YES;
				CLANG_WARN__DUPLICATE_METHOD_MATCH = YES;
				CODE_SIGN_IDENTITY = "-";
				COMBINE_HIDPI_IMAGES = YES;
				COPY_PHASE_STRIP = NO;
				DEBUG_INFORMATION_FORMAT = dwarf;
				ENABLE_STRICT_OBJC_MSGSEND = YES;
				ENABLE_TESTABILITY = YES;
				GCC_C_LANGUAGE_STANDARD = gnu99;
				GCC_DYNAMIC_NO_PIC = NO;
				GCC_NO_COMMON_BLOCKS = YES;
				GCC_OPTIMIZATION_LEVEL = 0;
				GCC_PREPROCESSOR_DEFINITIONS = (
					"DEBUG=1",
					"$(inherited)",
				);
				GCC_WARN_64_TO_32_BIT_CONVERSION = YES;
				GCC_WARN_ABOUT_RETURN_TYPE = YES_ERROR;
				GCC_WARN_UNDECLARED_SELECTOR = YES;
				GCC_WARN_UNINITIALIZED_AUTOS = YES_AGGRESSIVE;
				GCC_WARN_UNUSED_FUNCTION = YES;
				GCC_WARN_UNUSED_VARIABLE = YES;
				INFOPLIST_FILE = SwiftReboundTests/Info.plist;
				LD_RUNPATH_SEARCH_PATHS = "$(inherited) @executable_path/../Frameworks @loader_path/../Frameworks";
				MACOSX_DEPLOYMENT_TARGET = 10.11;
				MTL_ENABLE_DEBUG_INFO = YES;
				ONLY_ACTIVE_ARCH = YES;
				PRODUCT_BUNDLE_IDENTIFIER = io.logicalshift.SwiftReboundTests;
				PRODUCT_NAME = "$(TARGET_NAME)";
				SDKROOT = macosx;
				SWIFT_OPTIMIZATION_LEVEL = "-Onone";
				SWIFT_VERSION = 3.0;
			};
			name = Debug;
		};
		4B2EAF0E1D323E28006D9138 /* Release */ = {
			isa = XCBuildConfiguration;
			buildSettings = {
				ALWAYS_SEARCH_USER_PATHS = NO;
				CLANG_ANALYZER_NONNULL = YES;
				CLANG_CXX_LANGUAGE_STANDARD = "gnu++0x";
				CLANG_CXX_LIBRARY = "libc++";
				CLANG_ENABLE_MODULES = YES;
				CLANG_ENABLE_OBJC_ARC = YES;
				CLANG_WARN_BOOL_CONVERSION = YES;
				CLANG_WARN_CONSTANT_CONVERSION = YES;
				CLANG_WARN_DIRECT_OBJC_ISA_USAGE = YES_ERROR;
				CLANG_WARN_EMPTY_BODY = YES;
				CLANG_WARN_ENUM_CONVERSION = YES;
				CLANG_WARN_INT_CONVERSION = YES;
				CLANG_WARN_OBJC_ROOT_CLASS = YES_ERROR;
				CLANG_WARN_UNREACHABLE_CODE = YES;
				CLANG_WARN__DUPLICATE_METHOD_MATCH = YES;
				CODE_SIGN_IDENTITY = "-";
				COMBINE_HIDPI_IMAGES = YES;
				COPY_PHASE_STRIP = NO;
				DEBUG_INFORMATION_FORMAT = "dwarf-with-dsym";
				ENABLE_NS_ASSERTIONS = NO;
				ENABLE_STRICT_OBJC_MSGSEND = YES;
				GCC_C_LANGUAGE_STANDARD = gnu99;
				GCC_NO_COMMON_BLOCKS = YES;
				GCC_WARN_64_TO_32_BIT_CONVERSION = YES;
				GCC_WARN_ABOUT_RETURN_TYPE = YES_ERROR;
				GCC_WARN_UNDECLARED_SELECTOR = YES;
				GCC_WARN_UNINITIALIZED_AUTOS = YES_AGGRESSIVE;
				GCC_WARN_UNUSED_FUNCTION = YES;
				GCC_WARN_UNUSED_VARIABLE = YES;
				INFOPLIST_FILE = SwiftReboundTests/Info.plist;
				LD_RUNPATH_SEARCH_PATHS = "$(inherited) @executable_path/../Frameworks @loader_path/../Frameworks";
				MACOSX_DEPLOYMENT_TARGET = 10.11;
				MTL_ENABLE_DEBUG_INFO = NO;
				PRODUCT_BUNDLE_IDENTIFIER = io.logicalshift.SwiftReboundTests;
				PRODUCT_NAME = "$(TARGET_NAME)";
				SDKROOT = macosx;
				SWIFT_VERSION = 3.0;
			};
			name = Release;
		};
		4B7985BD1D3A31A80043A653 /* Debug */ = {
			isa = XCBuildConfiguration;
			buildSettings = {
				ALWAYS_SEARCH_USER_PATHS = NO;
				CLANG_ANALYZER_NONNULL = YES;
				CLANG_CXX_LANGUAGE_STANDARD = "gnu++0x";
				CLANG_CXX_LIBRARY = "libc++";
				CLANG_ENABLE_MODULES = YES;
				CLANG_ENABLE_OBJC_ARC = YES;
				CLANG_WARN_BOOL_CONVERSION = YES;
				CLANG_WARN_CONSTANT_CONVERSION = YES;
				CLANG_WARN_DIRECT_OBJC_ISA_USAGE = YES_ERROR;
				CLANG_WARN_EMPTY_BODY = YES;
				CLANG_WARN_ENUM_CONVERSION = YES;
				CLANG_WARN_INT_CONVERSION = YES;
				CLANG_WARN_OBJC_ROOT_CLASS = YES_ERROR;
				CLANG_WARN_UNREACHABLE_CODE = YES;
				CLANG_WARN__DUPLICATE_METHOD_MATCH = YES;
				"CODE_SIGN_IDENTITY[sdk=iphoneos*]" = "";
				COPY_PHASE_STRIP = NO;
				CURRENT_PROJECT_VERSION = 1;
				DEBUG_INFORMATION_FORMAT = dwarf;
				DEFINES_MODULE = YES;
				DYLIB_COMPATIBILITY_VERSION = 1;
				DYLIB_CURRENT_VERSION = 1;
				DYLIB_INSTALL_NAME_BASE = "@rpath";
				ENABLE_STRICT_OBJC_MSGSEND = YES;
				GCC_C_LANGUAGE_STANDARD = gnu99;
				GCC_DYNAMIC_NO_PIC = NO;
				GCC_NO_COMMON_BLOCKS = YES;
				GCC_OPTIMIZATION_LEVEL = 0;
				GCC_PREPROCESSOR_DEFINITIONS = (
					"DEBUG=1",
					"$(inherited)",
				);
				GCC_WARN_64_TO_32_BIT_CONVERSION = YES;
				GCC_WARN_ABOUT_RETURN_TYPE = YES_ERROR;
				GCC_WARN_UNDECLARED_SELECTOR = YES;
				GCC_WARN_UNINITIALIZED_AUTOS = YES_AGGRESSIVE;
				GCC_WARN_UNUSED_FUNCTION = YES;
				GCC_WARN_UNUSED_VARIABLE = YES;
				INFOPLIST_FILE = "SwiftRebound-iOS/Info.plist";
				INSTALL_PATH = "$(LOCAL_LIBRARY_DIR)/Frameworks";
				IPHONEOS_DEPLOYMENT_TARGET = 8.0;
				LD_RUNPATH_SEARCH_PATHS = "$(inherited) @executable_path/Frameworks @loader_path/Frameworks";
				MTL_ENABLE_DEBUG_INFO = YES;
				ONLY_ACTIVE_ARCH = YES;
				PRODUCT_BUNDLE_IDENTIFIER = io.logicalshift.SwiftRebound;
				PRODUCT_NAME = SwiftRebound;
				SDKROOT = iphoneos;
				SKIP_INSTALL = YES;
				SWIFT_OPTIMIZATION_LEVEL = "-Onone";
				TARGETED_DEVICE_FAMILY = "1,2";
				VERSIONING_SYSTEM = "apple-generic";
				VERSION_INFO_PREFIX = "";
			};
			name = Debug;
		};
		4B7985BE1D3A31A80043A653 /* Release */ = {
			isa = XCBuildConfiguration;
			buildSettings = {
				ALWAYS_SEARCH_USER_PATHS = NO;
				CLANG_ANALYZER_NONNULL = YES;
				CLANG_CXX_LANGUAGE_STANDARD = "gnu++0x";
				CLANG_CXX_LIBRARY = "libc++";
				CLANG_ENABLE_MODULES = YES;
				CLANG_ENABLE_OBJC_ARC = YES;
				CLANG_WARN_BOOL_CONVERSION = YES;
				CLANG_WARN_CONSTANT_CONVERSION = YES;
				CLANG_WARN_DIRECT_OBJC_ISA_USAGE = YES_ERROR;
				CLANG_WARN_EMPTY_BODY = YES;
				CLANG_WARN_ENUM_CONVERSION = YES;
				CLANG_WARN_INT_CONVERSION = YES;
				CLANG_WARN_OBJC_ROOT_CLASS = YES_ERROR;
				CLANG_WARN_UNREACHABLE_CODE = YES;
				CLANG_WARN__DUPLICATE_METHOD_MATCH = YES;
				"CODE_SIGN_IDENTITY[sdk=iphoneos*]" = "";
				COPY_PHASE_STRIP = NO;
				CURRENT_PROJECT_VERSION = 1;
				DEBUG_INFORMATION_FORMAT = "dwarf-with-dsym";
				DEFINES_MODULE = YES;
				DYLIB_COMPATIBILITY_VERSION = 1;
				DYLIB_CURRENT_VERSION = 1;
				DYLIB_INSTALL_NAME_BASE = "@rpath";
				ENABLE_NS_ASSERTIONS = NO;
				ENABLE_STRICT_OBJC_MSGSEND = YES;
				GCC_C_LANGUAGE_STANDARD = gnu99;
				GCC_NO_COMMON_BLOCKS = YES;
				GCC_WARN_64_TO_32_BIT_CONVERSION = YES;
				GCC_WARN_ABOUT_RETURN_TYPE = YES_ERROR;
				GCC_WARN_UNDECLARED_SELECTOR = YES;
				GCC_WARN_UNINITIALIZED_AUTOS = YES_AGGRESSIVE;
				GCC_WARN_UNUSED_FUNCTION = YES;
				GCC_WARN_UNUSED_VARIABLE = YES;
				INFOPLIST_FILE = "SwiftRebound-iOS/Info.plist";
				INSTALL_PATH = "$(LOCAL_LIBRARY_DIR)/Frameworks";
				IPHONEOS_DEPLOYMENT_TARGET = 8.0;
				LD_RUNPATH_SEARCH_PATHS = "$(inherited) @executable_path/Frameworks @loader_path/Frameworks";
				MTL_ENABLE_DEBUG_INFO = NO;
				PRODUCT_BUNDLE_IDENTIFIER = io.logicalshift.SwiftRebound;
				PRODUCT_NAME = SwiftRebound;
				SDKROOT = iphoneos;
				SKIP_INSTALL = YES;
				TARGETED_DEVICE_FAMILY = "1,2";
				VALIDATE_PRODUCT = YES;
				VERSIONING_SYSTEM = "apple-generic";
				VERSION_INFO_PREFIX = "";
			};
			name = Release;
		};
		4B7985DB1D3A31D60043A653 /* Debug */ = {
			isa = XCBuildConfiguration;
			buildSettings = {
				ALWAYS_SEARCH_USER_PATHS = NO;
				CLANG_ANALYZER_NONNULL = YES;
				CLANG_CXX_LANGUAGE_STANDARD = "gnu++0x";
				CLANG_CXX_LIBRARY = "libc++";
				CLANG_ENABLE_MODULES = YES;
				CLANG_ENABLE_OBJC_ARC = YES;
				CLANG_WARN_BOOL_CONVERSION = YES;
				CLANG_WARN_CONSTANT_CONVERSION = YES;
				CLANG_WARN_DIRECT_OBJC_ISA_USAGE = YES_ERROR;
				CLANG_WARN_EMPTY_BODY = YES;
				CLANG_WARN_ENUM_CONVERSION = YES;
				CLANG_WARN_INT_CONVERSION = YES;
				CLANG_WARN_OBJC_ROOT_CLASS = YES_ERROR;
				CLANG_WARN_UNREACHABLE_CODE = YES;
				CLANG_WARN__DUPLICATE_METHOD_MATCH = YES;
				"CODE_SIGN_IDENTITY[sdk=iphoneos*]" = "iPhone Developer";
				COPY_PHASE_STRIP = NO;
				DEBUG_INFORMATION_FORMAT = dwarf;
				ENABLE_STRICT_OBJC_MSGSEND = YES;
				GCC_C_LANGUAGE_STANDARD = gnu99;
				GCC_DYNAMIC_NO_PIC = NO;
				GCC_NO_COMMON_BLOCKS = YES;
				GCC_OPTIMIZATION_LEVEL = 0;
				GCC_PREPROCESSOR_DEFINITIONS = (
					"DEBUG=1",
					"$(inherited)",
				);
				GCC_WARN_64_TO_32_BIT_CONVERSION = YES;
				GCC_WARN_ABOUT_RETURN_TYPE = YES_ERROR;
				GCC_WARN_UNDECLARED_SELECTOR = YES;
				GCC_WARN_UNINITIALIZED_AUTOS = YES_AGGRESSIVE;
				GCC_WARN_UNUSED_FUNCTION = YES;
				GCC_WARN_UNUSED_VARIABLE = YES;
				INFOPLIST_FILE = "SwiftRebound-iOSTests/Info.plist";
				IPHONEOS_DEPLOYMENT_TARGET = 9.3;
				LD_RUNPATH_SEARCH_PATHS = "$(inherited) @executable_path/Frameworks @loader_path/Frameworks";
				MTL_ENABLE_DEBUG_INFO = YES;
				ONLY_ACTIVE_ARCH = YES;
				PRODUCT_BUNDLE_IDENTIFIER = "io.logicalshift.SwiftRebound-iOSTests";
				PRODUCT_NAME = "$(TARGET_NAME)";
				SDKROOT = iphoneos;
				SWIFT_OPTIMIZATION_LEVEL = "-Onone";
			};
			name = Debug;
		};
		4B7985DC1D3A31D60043A653 /* Release */ = {
			isa = XCBuildConfiguration;
			buildSettings = {
				ALWAYS_SEARCH_USER_PATHS = NO;
				CLANG_ANALYZER_NONNULL = YES;
				CLANG_CXX_LANGUAGE_STANDARD = "gnu++0x";
				CLANG_CXX_LIBRARY = "libc++";
				CLANG_ENABLE_MODULES = YES;
				CLANG_ENABLE_OBJC_ARC = YES;
				CLANG_WARN_BOOL_CONVERSION = YES;
				CLANG_WARN_CONSTANT_CONVERSION = YES;
				CLANG_WARN_DIRECT_OBJC_ISA_USAGE = YES_ERROR;
				CLANG_WARN_EMPTY_BODY = YES;
				CLANG_WARN_ENUM_CONVERSION = YES;
				CLANG_WARN_INT_CONVERSION = YES;
				CLANG_WARN_OBJC_ROOT_CLASS = YES_ERROR;
				CLANG_WARN_UNREACHABLE_CODE = YES;
				CLANG_WARN__DUPLICATE_METHOD_MATCH = YES;
				"CODE_SIGN_IDENTITY[sdk=iphoneos*]" = "iPhone Developer";
				COPY_PHASE_STRIP = NO;
				DEBUG_INFORMATION_FORMAT = "dwarf-with-dsym";
				ENABLE_NS_ASSERTIONS = NO;
				ENABLE_STRICT_OBJC_MSGSEND = YES;
				GCC_C_LANGUAGE_STANDARD = gnu99;
				GCC_NO_COMMON_BLOCKS = YES;
				GCC_WARN_64_TO_32_BIT_CONVERSION = YES;
				GCC_WARN_ABOUT_RETURN_TYPE = YES_ERROR;
				GCC_WARN_UNDECLARED_SELECTOR = YES;
				GCC_WARN_UNINITIALIZED_AUTOS = YES_AGGRESSIVE;
				GCC_WARN_UNUSED_FUNCTION = YES;
				GCC_WARN_UNUSED_VARIABLE = YES;
				INFOPLIST_FILE = "SwiftRebound-iOSTests/Info.plist";
				IPHONEOS_DEPLOYMENT_TARGET = 9.3;
				LD_RUNPATH_SEARCH_PATHS = "$(inherited) @executable_path/Frameworks @loader_path/Frameworks";
				MTL_ENABLE_DEBUG_INFO = NO;
				PRODUCT_BUNDLE_IDENTIFIER = "io.logicalshift.SwiftRebound-iOSTests";
				PRODUCT_NAME = "$(TARGET_NAME)";
				SDKROOT = iphoneos;
				VALIDATE_PRODUCT = YES;
			};
			name = Release;
		};
		4BF862231D3937FB008B20F8 /* Debug */ = {
			isa = XCBuildConfiguration;
			buildSettings = {
				ALWAYS_SEARCH_USER_PATHS = NO;
				ASSETCATALOG_COMPILER_APPICON_NAME = AppIcon;
				CLANG_ANALYZER_NONNULL = YES;
				CLANG_CXX_LANGUAGE_STANDARD = "gnu++0x";
				CLANG_CXX_LIBRARY = "libc++";
				CLANG_ENABLE_MODULES = YES;
				CLANG_ENABLE_OBJC_ARC = YES;
				CLANG_WARN_BOOL_CONVERSION = YES;
				CLANG_WARN_CONSTANT_CONVERSION = YES;
				CLANG_WARN_DIRECT_OBJC_ISA_USAGE = YES_ERROR;
				CLANG_WARN_EMPTY_BODY = YES;
				CLANG_WARN_ENUM_CONVERSION = YES;
				CLANG_WARN_INT_CONVERSION = YES;
				CLANG_WARN_OBJC_ROOT_CLASS = YES_ERROR;
				CLANG_WARN_UNREACHABLE_CODE = YES;
				CLANG_WARN__DUPLICATE_METHOD_MATCH = YES;
				CODE_SIGN_IDENTITY = "-";
				COMBINE_HIDPI_IMAGES = YES;
				COPY_PHASE_STRIP = NO;
				DEBUG_INFORMATION_FORMAT = dwarf;
				ENABLE_STRICT_OBJC_MSGSEND = YES;
				GCC_C_LANGUAGE_STANDARD = gnu99;
				GCC_DYNAMIC_NO_PIC = NO;
				GCC_NO_COMMON_BLOCKS = YES;
				GCC_OPTIMIZATION_LEVEL = 0;
				GCC_PREPROCESSOR_DEFINITIONS = (
					"DEBUG=1",
					"$(inherited)",
				);
				GCC_WARN_64_TO_32_BIT_CONVERSION = YES;
				GCC_WARN_ABOUT_RETURN_TYPE = YES_ERROR;
				GCC_WARN_UNDECLARED_SELECTOR = YES;
				GCC_WARN_UNINITIALIZED_AUTOS = YES_AGGRESSIVE;
				GCC_WARN_UNUSED_FUNCTION = YES;
				GCC_WARN_UNUSED_VARIABLE = YES;
				INFOPLIST_FILE = "$(SRCROOT)/Examples/ReactiveView/Info.plist";
				LD_RUNPATH_SEARCH_PATHS = "$(inherited) @executable_path/../Frameworks";
				MACOSX_DEPLOYMENT_TARGET = 10.11;
				MTL_ENABLE_DEBUG_INFO = YES;
				ONLY_ACTIVE_ARCH = YES;
				PRODUCT_BUNDLE_IDENTIFIER = io.logicalshift.ReactiveView;
				PRODUCT_NAME = "$(TARGET_NAME)";
				SDKROOT = macosx;
				SWIFT_OPTIMIZATION_LEVEL = "-Onone";
			};
			name = Debug;
		};
		4BF862241D3937FB008B20F8 /* Release */ = {
			isa = XCBuildConfiguration;
			buildSettings = {
				ALWAYS_SEARCH_USER_PATHS = NO;
				ASSETCATALOG_COMPILER_APPICON_NAME = AppIcon;
				CLANG_ANALYZER_NONNULL = YES;
				CLANG_CXX_LANGUAGE_STANDARD = "gnu++0x";
				CLANG_CXX_LIBRARY = "libc++";
				CLANG_ENABLE_MODULES = YES;
				CLANG_ENABLE_OBJC_ARC = YES;
				CLANG_WARN_BOOL_CONVERSION = YES;
				CLANG_WARN_CONSTANT_CONVERSION = YES;
				CLANG_WARN_DIRECT_OBJC_ISA_USAGE = YES_ERROR;
				CLANG_WARN_EMPTY_BODY = YES;
				CLANG_WARN_ENUM_CONVERSION = YES;
				CLANG_WARN_INT_CONVERSION = YES;
				CLANG_WARN_OBJC_ROOT_CLASS = YES_ERROR;
				CLANG_WARN_UNREACHABLE_CODE = YES;
				CLANG_WARN__DUPLICATE_METHOD_MATCH = YES;
				CODE_SIGN_IDENTITY = "-";
				COMBINE_HIDPI_IMAGES = YES;
				COPY_PHASE_STRIP = NO;
				DEBUG_INFORMATION_FORMAT = "dwarf-with-dsym";
				ENABLE_NS_ASSERTIONS = NO;
				ENABLE_STRICT_OBJC_MSGSEND = YES;
				GCC_C_LANGUAGE_STANDARD = gnu99;
				GCC_NO_COMMON_BLOCKS = YES;
				GCC_WARN_64_TO_32_BIT_CONVERSION = YES;
				GCC_WARN_ABOUT_RETURN_TYPE = YES_ERROR;
				GCC_WARN_UNDECLARED_SELECTOR = YES;
				GCC_WARN_UNINITIALIZED_AUTOS = YES_AGGRESSIVE;
				GCC_WARN_UNUSED_FUNCTION = YES;
				GCC_WARN_UNUSED_VARIABLE = YES;
				INFOPLIST_FILE = "$(SRCROOT)/Examples/ReactiveView/Info.plist";
				LD_RUNPATH_SEARCH_PATHS = "$(inherited) @executable_path/../Frameworks";
				MACOSX_DEPLOYMENT_TARGET = 10.11;
				MTL_ENABLE_DEBUG_INFO = NO;
				PRODUCT_BUNDLE_IDENTIFIER = io.logicalshift.ReactiveView;
				PRODUCT_NAME = "$(TARGET_NAME)";
				SDKROOT = macosx;
			};
			name = Release;
		};
/* End XCBuildConfiguration section */

/* Begin XCConfigurationList section */
		4B2EAEEF1D323D9A006D9138 /* Build configuration list for PBXProject "SwiftRebound" */ = {
			isa = XCConfigurationList;
			buildConfigurations = (
				4B2EAEF01D323D9A006D9138 /* Debug */,
				4B2EAEF11D323D9A006D9138 /* Release */,
			);
			defaultConfigurationIsVisible = 0;
			defaultConfigurationName = Release;
		};
		4B2EAF091D323E28006D9138 /* Build configuration list for PBXNativeTarget "SwiftRebound" */ = {
			isa = XCConfigurationList;
			buildConfigurations = (
				4B2EAF0A1D323E28006D9138 /* Debug */,
				4B2EAF0B1D323E28006D9138 /* Release */,
			);
			defaultConfigurationIsVisible = 0;
			defaultConfigurationName = Release;
		};
		4B2EAF0C1D323E28006D9138 /* Build configuration list for PBXNativeTarget "SwiftReboundTests" */ = {
			isa = XCConfigurationList;
			buildConfigurations = (
				4B2EAF0D1D323E28006D9138 /* Debug */,
				4B2EAF0E1D323E28006D9138 /* Release */,
			);
			defaultConfigurationIsVisible = 0;
			defaultConfigurationName = Release;
		};
		4B7985BF1D3A31A80043A653 /* Build configuration list for PBXNativeTarget "SwiftRebound-iOS" */ = {
			isa = XCConfigurationList;
			buildConfigurations = (
				4B7985BD1D3A31A80043A653 /* Debug */,
				4B7985BE1D3A31A80043A653 /* Release */,
			);
			defaultConfigurationIsVisible = 0;
			defaultConfigurationName = Release;
		};
		4B7985DA1D3A31D60043A653 /* Build configuration list for PBXNativeTarget "SwiftRebound-iOSTests" */ = {
			isa = XCConfigurationList;
			buildConfigurations = (
				4B7985DB1D3A31D60043A653 /* Debug */,
				4B7985DC1D3A31D60043A653 /* Release */,
			);
			defaultConfigurationIsVisible = 0;
			defaultConfigurationName = Release;
		};
		4BF862251D3937FB008B20F8 /* Build configuration list for PBXNativeTarget "ReactiveView" */ = {
			isa = XCConfigurationList;
			buildConfigurations = (
				4BF862231D3937FB008B20F8 /* Debug */,
				4BF862241D3937FB008B20F8 /* Release */,
			);
			defaultConfigurationIsVisible = 0;
			defaultConfigurationName = Release;
		};
/* End XCConfigurationList section */
	};
	rootObject = 4B2EAEEC1D323D9A006D9138 /* Project object */;
}
